
Microsoft Visual Studio Solution File, Format Version 12.00
# Visual Studio 15
VisualStudioVersion = 15.0.27130.2020
MinimumVisualStudioVersion = 10.0.40219.1
Project("{8BC9CEB8-8B4A-11D0-8D11-00A0C91BC942}") = "SchoolProject", "SchoolProject\SchoolProject.vcxproj", "{7F8FF017-55E3-4357-B044-4F004CF47165}"
EndProject
Global
	GlobalSection(SolutionConfigurationPlatforms) = preSolution
		Debug|x64 = Debug|x64
		Debug|x86 = Debug|x86
		Release|x64 = Release|x64
		Release|x86 = Release|x86
	EndGlobalSection
	GlobalSection(ProjectConfigurationPlatforms) = postSolution
		{7F8FF017-55E3-4357-B044-4F004CF47165}.Debug|x64.ActiveCfg = Debug|x64
		{7F8FF017-55E3-4357-B044-4F004CF47165}.Debug|x64.Build.0 = Debug|x64
		{7F8FF017-55E3-4357-B044-4F004CF47165}.Debug|x86.ActiveCfg = Debug|Win32
		{7F8FF017-55E3-4357-B044-4F004CF47165}.Debug|x86.Build.0 = Debug|Win32
		{7F8FF017-55E3-4357-B044-4F004CF47165}.Release|x64.ActiveCfg = Release|x64
		{7F8FF017-55E3-4357-B044-4F004CF47165}.Release|x64.Build.0 = Release|x64
		{7F8FF017-55E3-4357-B044-4F004CF47165}.Release|x86.ActiveCfg = Release|Win32
		{7F8FF017-55E3-4357-B044-4F004CF47165}.Release|x86.Build.0 = Release|Win32
	EndGlobalSection
	GlobalSection(SolutionProperties) = preSolution
		HideSolutionNode = FALSE
	EndGlobalSection
	GlobalSection(ExtensibilityGlobals) = postSolution
		SolutionGuid = {CAFD64FA-9C1C-48E8-B008-5F544BD75EB8}
	EndGlobalSection
EndGlobal
